# This file is autogenerated, do not edit; changes may be undone by the next 'dep ensure'.


[[projects]]
  name = "github.com/Sirupsen/logrus"
  packages = ["."]
  revision = "c155da19408a8799da419ed3eeb0cb5db0ad5dbc"
  version = "v1.0.5"

[[projects]]
  name = "github.com/jessevdk/go-flags"
  packages = ["."]
  revision = "c6ca198ec95c841fdb89fc0de7496fed11ab854e"
  version = "v1.4.0"

[[projects]]
  branch = "master"
  name = "github.com/robvanmieghem/go-opencl"
  packages = ["cl"]
  revision = "5ca28f1a8220f79ffacbaa12e4dff1628b708307"

[[projects]]
  branch = "master"
  name = "golang.org/x/crypto"
  packages = ["ssh/terminal"]
  revision = "dccd99e89d39b13e12f1103c72e3bc49eb40a833"

[[projects]]
  branch = "master"
  name = "golang.org/x/sys"
  packages = [
    "unix",
    "windows"
  ]
  revision = "bb9c189858d91f42db229b04d45a4c3d23a7662a"

[solve-meta]
  analyzer-name = "dep"
  analyzer-version = 1
  inputs-digest = "6c31aa66b333087b7d500a3342967fb115f513a80fcda9a2a8aa079cf050e900"
  solver-name = "gps-cdcl"
  solver-version = 1
