# This file is autogenerated, do not edit; changes may be undone by the next 'dep ensure'.


[[projects]]
  name = "github.com/Sirupsen/logrus"
  packages = ["."]
  revision = "c155da19408a8799da419ed3eeb0cb5db0ad5dbc"
  version = "v1.0.5"

[[projects]]
  name = "github.com/davecgh/go-spew"
  packages = ["spew"]
  revision = "346938d642f2ec3594ed81d874461961cd0faa76"
  version = "v1.1.0"

[[projects]]
  branch = "master"
  name = "github.com/dchest/blake2b"
  packages = ["."]
  revision = "06006a921c7d13e3fdf63c401cb0e4529a26e6e4"

[[projects]]
  name = "github.com/jessevdk/go-flags"
  packages = ["."]
  revision = "c6ca198ec95c841fdb89fc0de7496fed11ab854e"
  version = "v1.4.0"

[[projects]]
  name = "github.com/pmezard/go-difflib"
  packages = ["difflib"]
  revision = "792786c7400a136282c1664665ae0a8db921c6c2"
  version = "v1.0.0"

[[projects]]
  branch = "master"
  name = "github.com/robvanmieghem/go-opencl"
  packages = ["cl"]
  revision = "5ca28f1a8220f79ffacbaa12e4dff1628b708307"

[[projects]]
  name = "github.com/stretchr/testify"
  packages = ["assert"]
  revision = "12b6f73e6084dad08a7c6e575284b177ecafbc71"
  version = "v1.2.1"

[[projects]]
  branch = "master"
  name = "golang.org/x/crypto"
  packages = ["ssh/terminal"]
  revision = "dccd99e89d39b13e12f1103c72e3bc49eb40a833"

[[projects]]
  branch = "master"
  name = "golang.org/x/sys"
  packages = [
    "unix",
    "windows"
  ]
  revision = "bb9c189858d91f42db229b04d45a4c3d23a7662a"

[solve-meta]
  analyzer-name = "dep"
  analyzer-version = 1
  inputs-digest = "91154783e17cf5c3c09f2cdee529dfd4fbabe49121f4dd50258aaa72681a80c2"
  solver-name = "gps-cdcl"
  solver-version = 1
